// !$*UTF8*$!
{
	archiveVersion = 1;
	classes = {
	};
	objectVersion = 50;
	objects = {

/* Begin PBXBuildFile section */
		63E5DCBF24A1E12D00B9AAF3 /* AppDelegate.swift in Sources */ = {isa = PBXBuildFile; fileRef = 63E5DCBE24A1E12D00B9AAF3 /* AppDelegate.swift */; };
		63E5DCC124A1E12D00B9AAF3 /* ViewController.swift in Sources */ = {isa = PBXBuildFile; fileRef = 63E5DCC024A1E12D00B9AAF3 /* ViewController.swift */; };
		63E5DCC424A1E12D00B9AAF3 /* Main.storyboard in Resources */ = {isa = PBXBuildFile; fileRef = 63E5DCC224A1E12D00B9AAF3 /* Main.storyboard */; };
		63E5DCC624A1E13000B9AAF3 /* Assets.xcassets in Resources */ = {isa = PBXBuildFile; fileRef = 63E5DCC524A1E13000B9AAF3 /* Assets.xcassets */; };
		63E5DCC924A1E13000B9AAF3 /* LaunchScreen.storyboard in Resources */ = {isa = PBXBuildFile; fileRef = 63E5DCC724A1E13000B9AAF3 /* LaunchScreen.storyboard */; };
		63E5DCD424A1E13000B9AAF3 /* Json_postTests.swift in Sources */ = {isa = PBXBuildFile; fileRef = 63E5DCD324A1E13000B9AAF3 /* Json_postTests.swift */; };
		63E5DCDF24A1E13000B9AAF3 /* Json_postUITests.swift in Sources */ = {isa = PBXBuildFile; fileRef = 63E5DCDE24A1E13000B9AAF3 /* Json_postUITests.swift */; };
/* End PBXBuildFile section */

/* Begin PBXContainerItemProxy section */
		63E5DCD024A1E13000B9AAF3 /* PBXContainerItemProxy */ = {
			isa = PBXContainerItemProxy;
			containerPortal = 63E5DCB324A1E12D00B9AAF3 /* Project object */;
			proxyType = 1;
			remoteGlobalIDString = 63E5DCBA24A1E12D00B9AAF3;
			remoteInfo = "Json post";
		};
		63E5DCDB24A1E13000B9AAF3 /* PBXContainerItemProxy */ = {
			isa = PBXContainerItemProxy;
			containerPortal = 63E5DCB324A1E12D00B9AAF3 /* Project object */;
			proxyType = 1;
			remoteGlobalIDString = 63E5DCBA24A1E12D00B9AAF3;
			remoteInfo = "Json post";
		};
/* End PBXContainerItemProxy section */

/* Begin PBXFileReference section */
		63E5DCBB24A1E12D00B9AAF3 /* Json post.app */ = {isa = PBXFileReference; explicitFileType = wrapper.application; includeInIndex = 0; path = "Json post.app"; sourceTree = BUILT_PRODUCTS_DIR; };
		63E5DCBE24A1E12D00B9AAF3 /* AppDelegate.swift */ = {isa = PBXFileReference; lastKnownFileType = sourcecode.swift; path = AppDelegate.swift; sourceTree = "<group>"; };
		63E5DCC024A1E12D00B9AAF3 /* ViewController.swift */ = {isa = PBXFileReference; lastKnownFileType = sourcecode.swift; path = ViewController.swift; sourceTree = "<group>"; };
		63E5DCC324A1E12D00B9AAF3 /* Base */ = {isa = PBXFileReference; lastKnownFileType = file.storyboard; name = Base; path = Base.lproj/Main.storyboard; sourceTree = "<group>"; };
		63E5DCC524A1E13000B9AAF3 /* Assets.xcassets */ = {isa = PBXFileReference; lastKnownFileType = folder.assetcatalog; path = Assets.xcassets; sourceTree = "<group>"; };
		63E5DCC824A1E13000B9AAF3 /* Base */ = {isa = PBXFileReference; lastKnownFileType = file.storyboard; name = Base; path = Base.lproj/LaunchScreen.storyboard; sourceTree = "<group>"; };
		63E5DCCA24A1E13000B9AAF3 /* Info.plist */ = {isa = PBXFileReference; lastKnownFileType = text.plist.xml; path = Info.plist; sourceTree = "<group>"; };
		63E5DCCF24A1E13000B9AAF3 /* Json postTests.xctest */ = {isa = PBXFileReference; explicitFileType = wrapper.cfbundle; includeInIndex = 0; path = "Json postTests.xctest"; sourceTree = BUILT_PRODUCTS_DIR; };
		63E5DCD324A1E13000B9AAF3 /* Json_postTests.swift */ = {isa = PBXFileReference; lastKnownFileType = sourcecode.swift; path = Json_postTests.swift; sourceTree = "<group>"; };
		63E5DCD524A1E13000B9AAF3 /* Info.plist */ = {isa = PBXFileReference; lastKnownFileType = text.plist.xml; path = Info.plist; sourceTree = "<group>"; };
		63E5DCDA24A1E13000B9AAF3 /* Json postUITests.xctest */ = {isa = PBXFileReference; explicitFileType = wrapper.cfbundle; includeInIndex = 0; path = "Json postUITests.xctest"; sourceTree = BUILT_PRODUCTS_DIR; };
		63E5DCDE24A1E13000B9AAF3 /* Json_postUITests.swift */ = {isa = PBXFileReference; lastKnownFileType = sourcecode.swift; path = Json_postUITests.swift; sourceTree = "<group>"; };
		63E5DCE024A1E13100B9AAF3 /* Info.plist */ = {isa = PBXFileReference; lastKnownFileType = text.plist.xml; path = Info.plist; sourceTree = "<group>"; };
/* End PBXFileReference section */

/* Begin PBXFrameworksBuildPhase section */
		63E5DCB824A1E12D00B9AAF3 /* Frameworks */ = {
			isa = PBXFrameworksBuildPhase;
			buildActionMask = 2147483647;
			files = (
			);
			runOnlyForDeploymentPostprocessing = 0;
		};
		63E5DCCC24A1E13000B9AAF3 /* Frameworks */ = {
			isa = PBXFrameworksBuildPhase;
			buildActionMask = 2147483647;
			files = (
			);
			runOnlyForDeploymentPostprocessing = 0;
		};
		63E5DCD724A1E13000B9AAF3 /* Frameworks */ = {
			isa = PBXFrameworksBuildPhase;
			buildActionMask = 2147483647;
			files = (
			);
			runOnlyForDeploymentPostprocessing = 0;
		};
/* End PBXFrameworksBuildPhase section */

/* Begin PBXGroup section */
		63E5DCB224A1E12D00B9AAF3 = {
			isa = PBXGroup;
			children = (
				63E5DCBD24A1E12D00B9AAF3 /* Json post */,
				63E5DCD224A1E13000B9AAF3 /* Json postTests */,
				63E5DCDD24A1E13000B9AAF3 /* Json postUITests */,
				63E5DCBC24A1E12D00B9AAF3 /* Products */,
			);
			sourceTree = "<group>";
		};
		63E5DCBC24A1E12D00B9AAF3 /* Products */ = {
			isa = PBXGroup;
			children = (
				63E5DCBB24A1E12D00B9AAF3 /* Json post.app */,
				63E5DCCF24A1E13000B9AAF3 /* Json postTests.xctest */,
				63E5DCDA24A1E13000B9AAF3 /* Json postUITests.xctest */,
			);
			name = Products;
			sourceTree = "<group>";
		};
		63E5DCBD24A1E12D00B9AAF3 /* Json post */ = {
			isa = PBXGroup;
			children = (
				63E5DCBE24A1E12D00B9AAF3 /* AppDelegate.swift */,
				63E5DCC024A1E12D00B9AAF3 /* ViewController.swift */,
				63E5DCC224A1E12D00B9AAF3 /* Main.storyboard */,
				63E5DCC524A1E13000B9AAF3 /* Assets.xcassets */,
				63E5DCC724A1E13000B9AAF3 /* LaunchScreen.storyboard */,
				63E5DCCA24A1E13000B9AAF3 /* Info.plist */,
			);
			path = "Json post";
			sourceTree = "<group>";
		};
		63E5DCD224A1E13000B9AAF3 /* Json postTests */ = {
			isa = PBXGroup;
			children = (
				63E5DCD324A1E13000B9AAF3 /* Json_postTests.swift */,
				63E5DCD524A1E13000B9AAF3 /* Info.plist */,
			);
			path = "Json postTests";
			sourceTree = "<group>";
		};
		63E5DCDD24A1E13000B9AAF3 /* Json postUITests */ = {
			isa = PBXGroup;
			children = (
				63E5DCDE24A1E13000B9AAF3 /* Json_postUITests.swift */,
				63E5DCE024A1E13100B9AAF3 /* Info.plist */,
			);
			path = "Json postUITests";
			sourceTree = "<group>";
		};
/* End PBXGroup section */

/* Begin PBXNativeTarget section */
		63E5DCBA24A1E12D00B9AAF3 /* Json post */ = {
			isa = PBXNativeTarget;
			buildConfigurationList = 63E5DCE324A1E13100B9AAF3 /* Build configuration list for PBXNativeTarget "Json post" */;
			buildPhases = (
				63E5DCB724A1E12D00B9AAF3 /* Sources */,
				63E5DCB824A1E12D00B9AAF3 /* Frameworks */,
				63E5DCB924A1E12D00B9AAF3 /* Resources */,
			);
			buildRules = (
			);
			dependencies = (
			);
			name = "Json post";
			productName = "Json post";
			productReference = 63E5DCBB24A1E12D00B9AAF3 /* Json post.app */;
			productType = "com.apple.product-type.application";
		};
		63E5DCCE24A1E13000B9AAF3 /* Json postTests */ = {
			isa = PBXNativeTarget;
			buildConfigurationList = 63E5DCE624A1E13100B9AAF3 /* Build configuration list for PBXNativeTarget "Json postTests" */;
			buildPhases = (
				63E5DCCB24A1E13000B9AAF3 /* Sources */,
				63E5DCCC24A1E13000B9AAF3 /* Frameworks */,
				63E5DCCD24A1E13000B9AAF3 /* Resources */,
			);
			buildRules = (
			);
			dependencies = (
				63E5DCD124A1E13000B9AAF3 /* PBXTargetDependency */,
			);
			name = "Json postTests";
			productName = "Json postTests";
			productReference = 63E5DCCF24A1E13000B9AAF3 /* Json postTests.xctest */;
			productType = "com.apple.product-type.bundle.unit-test";
		};
		63E5DCD924A1E13000B9AAF3 /* Json postUITests */ = {
			isa = PBXNativeTarget;
			buildConfigurationList = 63E5DCE924A1E13100B9AAF3 /* Build configuration list for PBXNativeTarget "Json postUITests" */;
			buildPhases = (
				63E5DCD624A1E13000B9AAF3 /* Sources */,
				63E5DCD724A1E13000B9AAF3 /* Frameworks */,
				63E5DCD824A1E13000B9AAF3 /* Resources */,
			);
			buildRules = (
			);
			dependencies = (
				63E5DCDC24A1E13000B9AAF3 /* PBXTargetDependency */,
			);
			name = "Json postUITests";
			productName = "Json postUITests";
			productReference = 63E5DCDA24A1E13000B9AAF3 /* Json postUITests.xctest */;
			productType = "com.apple.product-type.bundle.ui-testing";
		};
/* End PBXNativeTarget section */

/* Begin PBXProject section */
		63E5DCB324A1E12D00B9AAF3 /* Project object */ = {
			isa = PBXProject;
			attributes = {
				LastSwiftUpdateCheck = 0930;
				LastUpgradeCheck = 0930;
				ORGANIZATIONNAME = "Swapnil Kadam";
				TargetAttributes = {
					63E5DCBA24A1E12D00B9AAF3 = {
						CreatedOnToolsVersion = 9.3.1;
					};
					63E5DCCE24A1E13000B9AAF3 = {
						CreatedOnToolsVersion = 9.3.1;
						TestTargetID = 63E5DCBA24A1E12D00B9AAF3;
					};
					63E5DCD924A1E13000B9AAF3 = {
						CreatedOnToolsVersion = 9.3.1;
						TestTargetID = 63E5DCBA24A1E12D00B9AAF3;
					};
				};
			};
			buildConfigurationList = 63E5DCB624A1E12D00B9AAF3 /* Build configuration list for PBXProject "Json post" */;
			compatibilityVersion = "Xcode 9.3";
			developmentRegion = en;
			hasScannedForEncodings = 0;
			knownRegions = (
				en,
				Base,
			);
			mainGroup = 63E5DCB224A1E12D00B9AAF3;
			productRefGroup = 63E5DCBC24A1E12D00B9AAF3 /* Products */;
			projectDirPath = "";
			projectRoot = "";
			targets = (
				63E5DCBA24A1E12D00B9AAF3 /* Json post */,
				63E5DCCE24A1E13000B9AAF3 /* Json postTests */,
				63E5DCD924A1E13000B9AAF3 /* Json postUITests */,
			);
		};
/* End PBXProject section */

/* Begin PBXResourcesBuildPhase section */
		63E5DCB924A1E12D00B9AAF3 /* Resources */ = {
			isa = PBXResourcesBuildPhase;
			buildActionMask = 2147483647;
			files = (
				63E5DCC924A1E13000B9AAF3 /* LaunchScreen.storyboard in Resources */,
				63E5DCC624A1E13000B9AAF3 /* Assets.xcassets in Resources */,
				63E5DCC424A1E12D00B9AAF3 /* Main.storyboard in Resources */,
			);
			runOnlyForDeploymentPostprocessing = 0;
		};
		63E5DCCD24A1E13000B9AAF3 /* Resources */ = {
			isa = PBXResourcesBuildPhase;
			buildActionMask = 2147483647;
			files = (
			);
			runOnlyForDeploymentPostprocessing = 0;
		};
		63E5DCD824A1E13000B9AAF3 /* Resources */ = {
			isa = PBXResourcesBuildPhase;
			buildActionMask = 2147483647;
			files = (
			);
			runOnlyForDeploymentPostprocessing = 0;
		};
/* End PBXResourcesBuildPhase section */

/* Begin PBXSourcesBuildPhase section */
		63E5DCB724A1E12D00B9AAF3 /* Sources */ = {
			isa = PBXSourcesBuildPhase;
			buildActionMask = 2147483647;
			files = (
				63E5DCC124A1E12D00B9AAF3 /* ViewController.swift in Sources */,
				63E5DCBF24A1E12D00B9AAF3 /* AppDelegate.swift in Sources */,
			);
			runOnlyForDeploymentPostprocessing = 0;
		};
		63E5DCCB24A1E13000B9AAF3 /* Sources */ = {
			isa = PBXSourcesBuildPhase;
			buildActionMask = 2147483647;
			files = (
				63E5DCD424A1E13000B9AAF3 /* Json_postTests.swift in Sources */,
			);
			runOnlyForDeploymentPostprocessing = 0;
		};
		63E5DCD624A1E13000B9AAF3 /* Sources */ = {
			isa = PBXSourcesBuildPhase;
			buildActionMask = 2147483647;
			files = (
				63E5DCDF24A1E13000B9AAF3 /* Json_postUITests.swift in Sources */,
			);
			runOnlyForDeploymentPostprocessing = 0;
		};
/* End PBXSourcesBuildPhase section */

/* Begin PBXTargetDependency section */
		63E5DCD124A1E13000B9AAF3 /* PBXTargetDependency */ = {
			isa = PBXTargetDependency;
			target = 63E5DCBA24A1E12D00B9AAF3 /* Json post */;
			targetProxy = 63E5DCD024A1E13000B9AAF3 /* PBXContainerItemProxy */;
		};
		63E5DCDC24A1E13000B9AAF3 /* PBXTargetDependency */ = {
			isa = PBXTargetDependency;
			target = 63E5DCBA24A1E12D00B9AAF3 /* Json post */;
			targetProxy = 63E5DCDB24A1E13000B9AAF3 /* PBXContainerItemProxy */;
		};
/* End PBXTargetDependency section */

/* Begin PBXVariantGroup section */
		63E5DCC224A1E12D00B9AAF3 /* Main.storyboard */ = {
			isa = PBXVariantGroup;
			children = (
				63E5DCC324A1E12D00B9AAF3 /* Base */,
			);
			name = Main.storyboard;
			sourceTree = "<group>";
		};
		63E5DCC724A1E13000B9AAF3 /* LaunchScreen.storyboard */ = {
			isa = PBXVariantGroup;
			children = (
				63E5DCC824A1E13000B9AAF3 /* Base */,
			);
			name = LaunchScreen.storyboard;
			sourceTree = "<group>";
		};
/* End PBXVariantGroup section */

/* Begin XCBuildConfiguration section */
		63E5DCE124A1E13100B9AAF3 /* Debug */ = {
			isa = XCBuildConfiguration;
			buildSettings = {
				ALWAYS_SEARCH_USER_PATHS = NO;
				CLANG_ANALYZER_NONNULL = YES;
				CLANG_ANALYZER_NUMBER_OBJECT_CONVERSION = YES_AGGRESSIVE;
				CLANG_CXX_LANGUAGE_STANDARD = "gnu++14";
				CLANG_CXX_LIBRARY = "libc++";
				CLANG_ENABLE_MODULES = YES;
				CLANG_ENABLE_OBJC_ARC = YES;
				CLANG_ENABLE_OBJC_WEAK = YES;
				CLANG_WARN_BLOCK_CAPTURE_AUTORELEASING = YES;
				CLANG_WARN_BOOL_CONVERSION = YES;
				CLANG_WARN_COMMA = YES;
				CLANG_WARN_CONSTANT_CONVERSION = YES;
				CLANG_WARN_DEPRECATED_OBJC_IMPLEMENTATIONS = YES;
				CLANG_WARN_DIRECT_OBJC_ISA_USAGE = YES_ERROR;
				CLANG_WARN_DOCUMENTATION_COMMENTS = YES;
				CLANG_WARN_EMPTY_BODY = YES;
				CLANG_WARN_ENUM_CONVERSION = YES;
				CLANG_WARN_INFINITE_RECURSION = YES;
				CLANG_WARN_INT_CONVERSION = YES;
				CLANG_WARN_NON_LITERAL_NULL_CONVERSION = YES;
				CLANG_WARN_OBJC_IMPLICIT_RETAIN_SELF = YES;
				CLANG_WARN_OBJC_LITERAL_CONVERSION = YES;
				CLANG_WARN_OBJC_ROOT_CLASS = YES_ERROR;
				CLANG_WARN_RANGE_LOOP_ANALYSIS = YES;
				CLANG_WARN_STRICT_PROTOTYPES = YES;
				CLANG_WARN_SUSPICIOUS_MOVE = YES;
				CLANG_WARN_UNGUARDED_AVAILABILITY = YES_AGGRESSIVE;
				CLANG_WARN_UNREACHABLE_CODE = YES;
				CLANG_WARN__DUPLICATE_METHOD_MATCH = YES;
				CODE_SIGN_IDENTITY = "iPhone Developer";
				COPY_PHASE_STRIP = NO;
				DEBUG_INFORMATION_FORMAT = dwarf;
				ENABLE_STRICT_OBJC_MSGSEND = YES;
				ENABLE_TESTABILITY = YES;
				GCC_C_LANGUAGE_STANDARD = gnu11;
				GCC_DYNAMIC_NO_PIC = NO;
				GCC_NO_COMMON_BLOCKS = YES;
				GCC_OPTIMIZATION_LEVEL = 0;
				GCC_PREPROCESSOR_DEFINITIONS = (
					"DEBUG=1",
					"$(inherited)",
				);
				GCC_WARN_64_TO_32_BIT_CONVERSION = YES;
				GCC_WARN_ABOUT_RETURN_TYPE = YES_ERROR;
				GCC_WARN_UNDECLARED_SELECTOR = YES;
				GCC_WARN_UNINITIALIZED_AUTOS = YES_AGGRESSIVE;
				GCC_WARN_UNUSED_FUNCTION = YES;
				GCC_WARN_UNUSED_VARIABLE = YES;
				IPHONEOS_DEPLOYMENT_TARGET = 11.3;
				MTL_ENABLE_DEBUG_INFO = YES;
				ONLY_ACTIVE_ARCH = YES;
				SDKROOT = iphoneos;
				SWIFT_ACTIVE_COMPILATION_CONDITIONS = DEBUG;
				SWIFT_OPTIMIZATION_LEVEL = "-Onone";
			};
			name = Debug;
		};
		63E5DCE224A1E13100B9AAF3 /* Release */ = {
			isa = XCBuildConfiguration;
			buildSettings = {
				ALWAYS_SEARCH_USER_PATHS = NO;
				CLANG_ANALYZER_NONNULL = YES;
				CLANG_ANALYZER_NUMBER_OBJECT_CONVERSION = YES_AGGRESSIVE;
				CLANG_CXX_LANGUAGE_STANDARD = "gnu++14";
				CLANG_CXX_LIBRARY = "libc++";
				CLANG_ENABLE_MODULES = YES;
				CLANG_ENABLE_OBJC_ARC = YES;
				CLANG_ENABLE_OBJC_WEAK = YES;
				CLANG_WARN_BLOCK_CAPTURE_AUTORELEASING = YES;
				CLANG_WARN_BOOL_CONVERSION = YES;
				CLANG_WARN_COMMA = YES;
				CLANG_WARN_CONSTANT_CONVERSION = YES;
				CLANG_WARN_DEPRECATED_OBJC_IMPLEMENTATIONS = YES;
				CLANG_WARN_DIRECT_OBJC_ISA_USAGE = YES_ERROR;
				CLANG_WARN_DOCUMENTATION_COMMENTS = YES;
				CLANG_WARN_EMPTY_BODY = YES;
				CLANG_WARN_ENUM_CONVERSION = YES;
				CLANG_WARN_INFINITE_RECURSION = YES;
				CLANG_WARN_INT_CONVERSION = YES;
				CLANG_WARN_NON_LITERAL_NULL_CONVERSION = YES;
				CLANG_WARN_OBJC_IMPLICIT_RETAIN_SELF = YES;
				CLANG_WARN_OBJC_LITERAL_CONVERSION = YES;
				CLANG_WARN_OBJC_ROOT_CLASS = YES_ERROR;
				CLANG_WARN_RANGE_LOOP_ANALYSIS = YES;
				CLANG_WARN_STRICT_PROTOTYPES = YES;
				CLANG_WARN_SUSPICIOUS_MOVE = YES;
				CLANG_WARN_UNGUARDED_AVAILABILITY = YES_AGGRESSIVE;
				CLANG_WARN_UNREACHABLE_CODE = YES;
				CLANG_WARN__DUPLICATE_METHOD_MATCH = YES;
				CODE_SIGN_IDENTITY = "iPhone Developer";
				COPY_PHASE_STRIP = NO;
				DEBUG_INFORMATION_FORMAT = "dwarf-with-dsym";
				ENABLE_NS_ASSERTIONS = NO;
				ENABLE_STRICT_OBJC_MSGSEND = YES;
				GCC_C_LANGUAGE_STANDARD = gnu11;
				GCC_NO_COMMON_BLOCKS = YES;
				GCC_WARN_64_TO_32_BIT_CONVERSION = YES;
				GCC_WARN_ABOUT_RETURN_TYPE = YES_ERROR;
				GCC_WARN_UNDECLARED_SELECTOR = YES;
				GCC_WARN_UNINITIALIZED_AUTOS = YES_AGGRESSIVE;
				GCC_WARN_UNUSED_FUNCTION = YES;
				GCC_WARN_UNUSED_VARIABLE = YES;
				IPHONEOS_DEPLOYMENT_TARGET = 11.3;
				MTL_ENABLE_DEBUG_INFO = NO;
				SDKROOT = iphoneos;
				SWIFT_COMPILATION_MODE = wholemodule;
				SWIFT_OPTIMIZATION_LEVEL = "-O";
				VALIDATE_PRODUCT = YES;
			};
			name = Release;
		};
		63E5DCE424A1E13100B9AAF3 /* Debug */ = {
			isa = XCBuildConfiguration;
			buildSettings = {
				ASSETCATALOG_COMPILER_APPICON_NAME = AppIcon;
				CODE_SIGN_STYLE = Automatic;
				INFOPLIST_FILE = "Json post/Info.plist";
				LD_RUNPATH_SEARCH_PATHS = (
					"$(inherited)",
					"@executable_path/Frameworks",
				);
				PRODUCT_BUNDLE_IDENTIFIER = "sap.Json-post";
				PRODUCT_NAME = "$(TARGET_NAME)";
				SWIFT_VERSION = 4.0;
				TARGETED_DEVICE_FAMILY = "1,2";
			};
			name = Debug;
		};
		63E5DCE524A1E13100B9AAF3 /* Release */ = {
			isa = XCBuildConfiguration;
			buildSettings = {
				ASSETCATALOG_COMPILER_APPICON_NAME = AppIcon;
				CODE_SIGN_STYLE = Automatic;
				INFOPLIST_FILE = "Json post/Info.plist";
				LD_RUNPATH_SEARCH_PATHS = (
					"$(inherited)",
					"@executable_path/Frameworks",
				);
				PRODUCT_BUNDLE_IDENTIFIER = "sap.Json-post";
				PRODUCT_NAME = "$(TARGET_NAME)";
				SWIFT_VERSION = 4.0;
				TARGETED_DEVICE_FAMILY = "1,2";
			};
			name = Release;
		};
		63E5DCE724A1E13100B9AAF3 /* Debug */ = {
			isa = XCBuildConfiguration;
			buildSettings = {
				ALWAYS_EMBED_SWIFT_STANDARD_LIBRARIES = YES;
				BUNDLE_LOADER = "$(TEST_HOST)";
				CODE_SIGN_STYLE = Automatic;
				INFOPLIST_FILE = "Json postTests/Info.plist";
				LD_RUNPATH_SEARCH_PATHS = (
					"$(inherited)",
					"@executable_path/Frameworks",
					"@loader_path/Frameworks",
				);
				PRODUCT_BUNDLE_IDENTIFIER = "sap.Json-postTests";
				PRODUCT_NAME = "$(TARGET_NAME)";
				SWIFT_VERSION = 4.0;
				TARGETED_DEVICE_FAMILY = "1,2";
				TEST_HOST = "$(BUILT_PRODUCTS_DIR)/Json post.app/Json post";
			};
			name = Debug;
		};
		63E5DCE824A1E13100B9AAF3 /* Release */ = {
			isa = XCBuildConfiguration;
			buildSettings = {
				ALWAYS_EMBED_SWIFT_STANDARD_LIBRARIES = YES;
				BUNDLE_LOADER = "$(TEST_HOST)";
				CODE_SIGN_STYLE = Automatic;
				INFOPLIST_FILE = "Json postTests/Info.plist";
				LD_RUNPATH_SEARCH_PATHS = (
					"$(inherited)",
					"@executable_path/Frameworks",
					"@loader_path/Frameworks",
				);
				PRODUCT_BUNDLE_IDENTIFIER = "sap.Json-postTests";
				PRODUCT_NAME = "$(TARGET_NAME)";
				SWIFT_VERSION = 4.0;
				TARGETED_DEVICE_FAMILY = "1,2";
				TEST_HOST = "$(BUILT_PRODUCTS_DIR)/Json post.app/Json post";
			};
			name = Release;
		};
		63E5DCEA24A1E13100B9AAF3 /* Debug */ = {
			isa = XCBuildConfiguration;
			buildSettings = {
				ALWAYS_EMBED_SWIFT_STANDARD_LIBRARIES = YES;
				CODE_SIGN_STYLE = Automatic;
				INFOPLIST_FILE = "Json postUITests/Info.plist";
				LD_RUNPATH_SEARCH_PATHS = (
					"$(inherited)",
					"@executable_path/Frameworks",
					"@loader_path/Frameworks",
				);
				PRODUCT_BUNDLE_IDENTIFIER = "sap.Json-postUITests";
				PRODUCT_NAME = "$(TARGET_NAME)";
				SWIFT_VERSION = 4.0;
				TARGETED_DEVICE_FAMILY = "1,2";
				TEST_TARGET_NAME = "Json post";
			};
			name = Debug;
		};
		63E5DCEB24A1E13100B9AAF3 /* Release */ = {
			isa = XCBuildConfiguration;
			buildSettings = {
				ALWAYS_EMBED_SWIFT_STANDARD_LIBRARIES = YES;
				CODE_SIGN_STYLE = Automatic;
				INFOPLIST_FILE = "Json postUITests/Info.plist";
				LD_RUNPATH_SEARCH_PATHS = (
					"$(inherited)",
					"@executable_path/Frameworks",
					"@loader_path/Frameworks",
				);
				PRODUCT_BUNDLE_IDENTIFIER = "sap.Json-postUITests";
				PRODUCT_NAME = "$(TARGET_NAME)";
				SWIFT_VERSION = 4.0;
				TARGETED_DEVICE_FAMILY = "1,2";
				TEST_TARGET_NAME = "Json post";
			};
			name = Release;
		};
/* End XCBuildConfiguration section */

/* Begin XCConfigurationList section */
		63E5DCB624A1E12D00B9AAF3 /* Build configuration list for PBXProject "Json post" */ = {
			isa = XCConfigurationList;
			buildConfigurations = (
				63E5DCE124A1E13100B9AAF3 /* Debug */,
				63E5DCE224A1E13100B9AAF3 /* Release */,
			);
			defaultConfigurationIsVisible = 0;
			defaultConfigurationName = Release;
		};
		63E5DCE324A1E13100B9AAF3 /* Build configuration list for PBXNativeTarget "Json post" */ = {
			isa = XCConfigurationList;
			buildConfigurations = (
				63E5DCE424A1E13100B9AAF3 /* Debug */,
				63E5DCE524A1E13100B9AAF3 /* Release */,
			);
			defaultConfigurationIsVisible = 0;
			defaultConfigurationName = Release;
		};
		63E5DCE624A1E13100B9AAF3 /* Build configuration list for PBXNativeTarget "Json postTests" */ = {
			isa = XCConfigurationList;
			buildConfigurations = (
				63E5DCE724A1E13100B9AAF3 /* Debug */,
				63E5DCE824A1E13100B9AAF3 /* Release */,
			);
			defaultConfigurationIsVisible = 0;
			defaultConfigurationName = Release;
		};
		63E5DCE924A1E13100B9AAF3 /* Build configuration list for PBXNativeTarget "Json postUITests" */ = {
			isa = XCConfigurationList;
			buildConfigurations = (
				63E5DCEA24A1E13100B9AAF3 /* Debug */,
				63E5DCEB24A1E13100B9AAF3 /* Release */,
			);
			defaultConfigurationIsVisible = 0;
			defaultConfigurationName = Release;
		};
/* End XCConfigurationList section */
	};
	rootObject = 63E5DCB324A1E12D00B9AAF3 /* Project object */;
}
